// !$*UTF8*$!
{
	archiveVersion = 1;
	classes = {
	};
	objectVersion = 56;
	objects = {

/* Begin PBXBuildFile section */
		6BEE15E829CF2AB900D18659 /* AppDelegate.swift in Sources */ = {isa = PBXBuildFile; fileRef = 6BEE15E729CF2AB900D18659 /* AppDelegate.swift */; };
		6BEE15EA29CF2AB900D18659 /* SceneDelegate.swift in Sources */ = {isa = PBXBuildFile; fileRef = 6BEE15E929CF2AB900D18659 /* SceneDelegate.swift */; };
		6BEE15EC29CF2AB900D18659 /* ViewController.swift in Sources */ = {isa = PBXBuildFile; fileRef = 6BEE15EB29CF2AB900D18659 /* ViewController.swift */; };
		6BEE15EF29CF2AB900D18659 /* Main.storyboard in Resources */ = {isa = PBXBuildFile; fileRef = 6BEE15ED29CF2AB900D18659 /* Main.storyboard */; };
		6BEE15F129CF2ABB00D18659 /* Assets.xcassets in Resources */ = {isa = PBXBuildFile; fileRef = 6BEE15F029CF2ABB00D18659 /* Assets.xcassets */; };
		6BEE15F429CF2ABB00D18659 /* LaunchScreen.storyboard in Resources */ = {isa = PBXBuildFile; fileRef = 6BEE15F229CF2ABB00D18659 /* LaunchScreen.storyboard */; };
		6BEE15FF29CF2ABB00D18659 /* WalmartTestTests.swift in Sources */ = {isa = PBXBuildFile; fileRef = 6BEE15FE29CF2ABB00D18659 /* WalmartTestTests.swift */; };
		6BEE160929CF2ABC00D18659 /* WalmartTestUITests.swift in Sources */ = {isa = PBXBuildFile; fileRef = 6BEE160829CF2ABC00D18659 /* WalmartTestUITests.swift */; };
		6BEE160B29CF2ABC00D18659 /* WalmartTestUITestsLaunchTests.swift in Sources */ = {isa = PBXBuildFile; fileRef = 6BEE160A29CF2ABC00D18659 /* WalmartTestUITestsLaunchTests.swift */; };
		6BEE161C29CF326900D18659 /* ViewModel.swift in Sources */ = {isa = PBXBuildFile; fileRef = 6BEE161B29CF326900D18659 /* ViewModel.swift */; };
		6BEE161E29CF32C200D18659 /* APIClinet.swift in Sources */ = {isa = PBXBuildFile; fileRef = 6BEE161D29CF32C200D18659 /* APIClinet.swift */; };
		6BEE162029CF32D400D18659 /* BaseService.swift in Sources */ = {isa = PBXBuildFile; fileRef = 6BEE161F29CF32D400D18659 /* BaseService.swift */; };
		6BEE162229CF330100D18659 /* PlanetaryService.swift in Sources */ = {isa = PBXBuildFile; fileRef = 6BEE162129CF330100D18659 /* PlanetaryService.swift */; };
		6BEE162529CF332500D18659 /* LocalFileManager.swift in Sources */ = {isa = PBXBuildFile; fileRef = 6BEE162429CF332500D18659 /* LocalFileManager.swift */; };
		6BEE162729CF335500D18659 /* LazyImageView.swift in Sources */ = {isa = PBXBuildFile; fileRef = 6BEE162629CF335500D18659 /* LazyImageView.swift */; };
		6BEE162929CF337B00D18659 /* PlanetaryDomainModel.swift in Sources */ = {isa = PBXBuildFile; fileRef = 6BEE162829CF337B00D18659 /* PlanetaryDomainModel.swift */; };
		6BEE162B29CF33CD00D18659 /* PlanetaryUseCase.swift in Sources */ = {isa = PBXBuildFile; fileRef = 6BEE162A29CF33CD00D18659 /* PlanetaryUseCase.swift */; };
		6BEE163029CF33FB00D18659 /* PlanetaryDataModel.swift in Sources */ = {isa = PBXBuildFile; fileRef = 6BEE162F29CF33FB00D18659 /* PlanetaryDataModel.swift */; };
		6BEE163229CF340D00D18659 /* PlanetaryRepository.swift in Sources */ = {isa = PBXBuildFile; fileRef = 6BEE163129CF340D00D18659 /* PlanetaryRepository.swift */; };
		6BEE163429CF3CED00D18659 /* Reachability.swift in Sources */ = {isa = PBXBuildFile; fileRef = 6BEE163329CF3CED00D18659 /* Reachability.swift */; };
/* End PBXBuildFile section */

/* Begin PBXContainerItemProxy section */
		6BEE15FB29CF2ABB00D18659 /* PBXContainerItemProxy */ = {
			isa = PBXContainerItemProxy;
			containerPortal = 6BEE15DC29CF2AB900D18659 /* Project object */;
			proxyType = 1;
			remoteGlobalIDString = 6BEE15E329CF2AB900D18659;
			remoteInfo = WalmartTest;
		};
		6BEE160529CF2ABC00D18659 /* PBXContainerItemProxy */ = {
			isa = PBXContainerItemProxy;
			containerPortal = 6BEE15DC29CF2AB900D18659 /* Project object */;
			proxyType = 1;
			remoteGlobalIDString = 6BEE15E329CF2AB900D18659;
			remoteInfo = WalmartTest;
		};
/* End PBXContainerItemProxy section */

/* Begin PBXFileReference section */
		6BEE15E429CF2AB900D18659 /* WalmartTest.app */ = {isa = PBXFileReference; explicitFileType = wrapper.application; includeInIndex = 0; path = WalmartTest.app; sourceTree = BUILT_PRODUCTS_DIR; };
		6BEE15E729CF2AB900D18659 /* AppDelegate.swift */ = {isa = PBXFileReference; lastKnownFileType = sourcecode.swift; path = AppDelegate.swift; sourceTree = "<group>"; };
		6BEE15E929CF2AB900D18659 /* SceneDelegate.swift */ = {isa = PBXFileReference; lastKnownFileType = sourcecode.swift; path = SceneDelegate.swift; sourceTree = "<group>"; };
		6BEE15EB29CF2AB900D18659 /* ViewController.swift */ = {isa = PBXFileReference; lastKnownFileType = sourcecode.swift; path = ViewController.swift; sourceTree = "<group>"; };
		6BEE15EE29CF2AB900D18659 /* Base */ = {isa = PBXFileReference; lastKnownFileType = file.storyboard; name = Base; path = Base.lproj/Main.storyboard; sourceTree = "<group>"; };
		6BEE15F029CF2ABB00D18659 /* Assets.xcassets */ = {isa = PBXFileReference; lastKnownFileType = folder.assetcatalog; path = Assets.xcassets; sourceTree = "<group>"; };
		6BEE15F329CF2ABB00D18659 /* Base */ = {isa = PBXFileReference; lastKnownFileType = file.storyboard; name = Base; path = Base.lproj/LaunchScreen.storyboard; sourceTree = "<group>"; };
		6BEE15F529CF2ABB00D18659 /* Info.plist */ = {isa = PBXFileReference; lastKnownFileType = text.plist.xml; path = Info.plist; sourceTree = "<group>"; };
		6BEE15FA29CF2ABB00D18659 /* WalmartTestTests.xctest */ = {isa = PBXFileReference; explicitFileType = wrapper.cfbundle; includeInIndex = 0; path = WalmartTestTests.xctest; sourceTree = BUILT_PRODUCTS_DIR; };
		6BEE15FE29CF2ABB00D18659 /* WalmartTestTests.swift */ = {isa = PBXFileReference; lastKnownFileType = sourcecode.swift; path = WalmartTestTests.swift; sourceTree = "<group>"; };
		6BEE160429CF2ABC00D18659 /* WalmartTestUITests.xctest */ = {isa = PBXFileReference; explicitFileType = wrapper.cfbundle; includeInIndex = 0; path = WalmartTestUITests.xctest; sourceTree = BUILT_PRODUCTS_DIR; };
		6BEE160829CF2ABC00D18659 /* WalmartTestUITests.swift */ = {isa = PBXFileReference; lastKnownFileType = sourcecode.swift; path = WalmartTestUITests.swift; sourceTree = "<group>"; };
		6BEE160A29CF2ABC00D18659 /* WalmartTestUITestsLaunchTests.swift */ = {isa = PBXFileReference; lastKnownFileType = sourcecode.swift; path = WalmartTestUITestsLaunchTests.swift; sourceTree = "<group>"; };
		6BEE161B29CF326900D18659 /* ViewModel.swift */ = {isa = PBXFileReference; lastKnownFileType = sourcecode.swift; path = ViewModel.swift; sourceTree = "<group>"; };
		6BEE161D29CF32C200D18659 /* APIClinet.swift */ = {isa = PBXFileReference; lastKnownFileType = sourcecode.swift; path = APIClinet.swift; sourceTree = "<group>"; };
		6BEE161F29CF32D400D18659 /* BaseService.swift */ = {isa = PBXFileReference; lastKnownFileType = sourcecode.swift; path = BaseService.swift; sourceTree = "<group>"; };
		6BEE162129CF330100D18659 /* PlanetaryService.swift */ = {isa = PBXFileReference; lastKnownFileType = sourcecode.swift; path = PlanetaryService.swift; sourceTree = "<group>"; };
		6BEE162429CF332500D18659 /* LocalFileManager.swift */ = {isa = PBXFileReference; lastKnownFileType = sourcecode.swift; path = LocalFileManager.swift; sourceTree = "<group>"; };
		6BEE162629CF335500D18659 /* LazyImageView.swift */ = {isa = PBXFileReference; lastKnownFileType = sourcecode.swift; path = LazyImageView.swift; sourceTree = "<group>"; };
		6BEE162829CF337B00D18659 /* PlanetaryDomainModel.swift */ = {isa = PBXFileReference; lastKnownFileType = sourcecode.swift; path = PlanetaryDomainModel.swift; sourceTree = "<group>"; };
		6BEE162A29CF33CD00D18659 /* PlanetaryUseCase.swift */ = {isa = PBXFileReference; lastKnownFileType = sourcecode.swift; path = PlanetaryUseCase.swift; sourceTree = "<group>"; };
		6BEE162F29CF33FB00D18659 /* PlanetaryDataModel.swift */ = {isa = PBXFileReference; lastKnownFileType = sourcecode.swift; path = PlanetaryDataModel.swift; sourceTree = "<group>"; };
		6BEE163129CF340D00D18659 /* PlanetaryRepository.swift */ = {isa = PBXFileReference; lastKnownFileType = sourcecode.swift; path = PlanetaryRepository.swift; sourceTree = "<group>"; };
		6BEE163329CF3CED00D18659 /* Reachability.swift */ = {isa = PBXFileReference; lastKnownFileType = sourcecode.swift; path = Reachability.swift; sourceTree = "<group>"; };
/* End PBXFileReference section */

/* Begin PBXFrameworksBuildPhase section */
		6BEE15E129CF2AB900D18659 /* Frameworks */ = {
			isa = PBXFrameworksBuildPhase;
			buildActionMask = 2147483647;
			files = (
			);
			runOnlyForDeploymentPostprocessing = 0;
		};
		6BEE15F729CF2ABB00D18659 /* Frameworks */ = {
			isa = PBXFrameworksBuildPhase;
			buildActionMask = 2147483647;
			files = (
			);
			runOnlyForDeploymentPostprocessing = 0;
		};
		6BEE160129CF2ABC00D18659 /* Frameworks */ = {
			isa = PBXFrameworksBuildPhase;
			buildActionMask = 2147483647;
			files = (
			);
			runOnlyForDeploymentPostprocessing = 0;
		};
/* End PBXFrameworksBuildPhase section */

/* Begin PBXGroup section */
		6BEE15DB29CF2AB900D18659 = {
			isa = PBXGroup;
			children = (
				6BEE15E629CF2AB900D18659 /* WalmartTest */,
				6BEE15FD29CF2ABB00D18659 /* WalmartTestTests */,
				6BEE160729CF2ABC00D18659 /* WalmartTestUITests */,
				6BEE15E529CF2AB900D18659 /* Products */,
			);
			sourceTree = "<group>";
		};
		6BEE15E529CF2AB900D18659 /* Products */ = {
			isa = PBXGroup;
			children = (
				6BEE15E429CF2AB900D18659 /* WalmartTest.app */,
				6BEE15FA29CF2ABB00D18659 /* WalmartTestTests.xctest */,
				6BEE160429CF2ABC00D18659 /* WalmartTestUITests.xctest */,
			);
			name = Products;
			sourceTree = "<group>";
		};
		6BEE15E629CF2AB900D18659 /* WalmartTest */ = {
			isa = PBXGroup;
			children = (
				6BEE162329CF331800D18659 /* HelperClass */,
				6BEE161729CF323A00D18659 /* Services */,
				6BEE161A29CF325900D18659 /* Application */,
				6BEE161929CF325000D18659 /* Domain */,
				6BEE161829CF324700D18659 /* Data */,
				6BEE15E729CF2AB900D18659 /* AppDelegate.swift */,
				6BEE15E929CF2AB900D18659 /* SceneDelegate.swift */,
				6BEE15ED29CF2AB900D18659 /* Main.storyboard */,
				6BEE15F029CF2ABB00D18659 /* Assets.xcassets */,
				6BEE15F229CF2ABB00D18659 /* LaunchScreen.storyboard */,
				6BEE15F529CF2ABB00D18659 /* Info.plist */,
			);
			path = WalmartTest;
			sourceTree = "<group>";
		};
		6BEE15FD29CF2ABB00D18659 /* WalmartTestTests */ = {
			isa = PBXGroup;
			children = (
				6BEE15FE29CF2ABB00D18659 /* WalmartTestTests.swift */,
			);
			path = WalmartTestTests;
			sourceTree = "<group>";
		};
		6BEE160729CF2ABC00D18659 /* WalmartTestUITests */ = {
			isa = PBXGroup;
			children = (
				6BEE160829CF2ABC00D18659 /* WalmartTestUITests.swift */,
				6BEE160A29CF2ABC00D18659 /* WalmartTestUITestsLaunchTests.swift */,
			);
			path = WalmartTestUITests;
			sourceTree = "<group>";
		};
		6BEE161729CF323A00D18659 /* Services */ = {
			isa = PBXGroup;
			children = (
				6BEE161D29CF32C200D18659 /* APIClinet.swift */,
				6BEE161F29CF32D400D18659 /* BaseService.swift */,
				6BEE162129CF330100D18659 /* PlanetaryService.swift */,
			);
			path = Services;
			sourceTree = "<group>";
		};
		6BEE161829CF324700D18659 /* Data */ = {
			isa = PBXGroup;
			children = (
				6BEE162F29CF33FB00D18659 /* PlanetaryDataModel.swift */,
				6BEE163129CF340D00D18659 /* PlanetaryRepository.swift */,
			);
			path = Data;
			sourceTree = "<group>";
		};
		6BEE161929CF325000D18659 /* Domain */ = {
			isa = PBXGroup;
			children = (
				6BEE162829CF337B00D18659 /* PlanetaryDomainModel.swift */,
				6BEE162A29CF33CD00D18659 /* PlanetaryUseCase.swift */,
			);
			path = Domain;
			sourceTree = "<group>";
		};
		6BEE161A29CF325900D18659 /* Application */ = {
			isa = PBXGroup;
			children = (
				6BEE15EB29CF2AB900D18659 /* ViewController.swift */,
				6BEE161B29CF326900D18659 /* ViewModel.swift */,
			);
			path = Application;
			sourceTree = "<group>";
		};
		6BEE162329CF331800D18659 /* HelperClass */ = {
			isa = PBXGroup;
			children = (
				6BEE162429CF332500D18659 /* LocalFileManager.swift */,
				6BEE162629CF335500D18659 /* LazyImageView.swift */,
				6BEE163329CF3CED00D18659 /* Reachability.swift */,
			);
			path = HelperClass;
			sourceTree = "<group>";
		};
/* End PBXGroup section */

/* Begin PBXNativeTarget section */
		6BEE15E329CF2AB900D18659 /* WalmartTest */ = {
			isa = PBXNativeTarget;
			buildConfigurationList = 6BEE160E29CF2ABC00D18659 /* Build configuration list for PBXNativeTarget "WalmartTest" */;
			buildPhases = (
				6BEE15E029CF2AB900D18659 /* Sources */,
				6BEE15E129CF2AB900D18659 /* Frameworks */,
				6BEE15E229CF2AB900D18659 /* Resources */,
			);
			buildRules = (
			);
			dependencies = (
			);
			name = WalmartTest;
			productName = WalmartTest;
			productReference = 6BEE15E429CF2AB900D18659 /* WalmartTest.app */;
			productType = "com.apple.product-type.application";
		};
		6BEE15F929CF2ABB00D18659 /* WalmartTestTests */ = {
			isa = PBXNativeTarget;
			buildConfigurationList = 6BEE161129CF2ABC00D18659 /* Build configuration list for PBXNativeTarget "WalmartTestTests" */;
			buildPhases = (
				6BEE15F629CF2ABB00D18659 /* Sources */,
				6BEE15F729CF2ABB00D18659 /* Frameworks */,
				6BEE15F829CF2ABB00D18659 /* Resources */,
			);
			buildRules = (
			);
			dependencies = (
				6BEE15FC29CF2ABB00D18659 /* PBXTargetDependency */,
			);
			name = WalmartTestTests;
			productName = WalmartTestTests;
			productReference = 6BEE15FA29CF2ABB00D18659 /* WalmartTestTests.xctest */;
			productType = "com.apple.product-type.bundle.unit-test";
		};
		6BEE160329CF2ABC00D18659 /* WalmartTestUITests */ = {
			isa = PBXNativeTarget;
			buildConfigurationList = 6BEE161429CF2ABC00D18659 /* Build configuration list for PBXNativeTarget "WalmartTestUITests" */;
			buildPhases = (
				6BEE160029CF2ABC00D18659 /* Sources */,
				6BEE160129CF2ABC00D18659 /* Frameworks */,
				6BEE160229CF2ABC00D18659 /* Resources */,
			);
			buildRules = (
			);
			dependencies = (
				6BEE160629CF2ABC00D18659 /* PBXTargetDependency */,
			);
			name = WalmartTestUITests;
			productName = WalmartTestUITests;
			productReference = 6BEE160429CF2ABC00D18659 /* WalmartTestUITests.xctest */;
			productType = "com.apple.product-type.bundle.ui-testing";
		};
/* End PBXNativeTarget section */

/* Begin PBXProject section */
		6BEE15DC29CF2AB900D18659 /* Project object */ = {
			isa = PBXProject;
			attributes = {
				BuildIndependentTargetsInParallel = 1;
				LastSwiftUpdateCheck = 1420;
				LastUpgradeCheck = 1420;
				TargetAttributes = {
					6BEE15E329CF2AB900D18659 = {
						CreatedOnToolsVersion = 14.2;
					};
					6BEE15F929CF2ABB00D18659 = {
						CreatedOnToolsVersion = 14.2;
						TestTargetID = 6BEE15E329CF2AB900D18659;
					};
					6BEE160329CF2ABC00D18659 = {
						CreatedOnToolsVersion = 14.2;
						TestTargetID = 6BEE15E329CF2AB900D18659;
					};
				};
			};
			buildConfigurationList = 6BEE15DF29CF2AB900D18659 /* Build configuration list for PBXProject "WalmartTest" */;
			compatibilityVersion = "Xcode 14.0";
			developmentRegion = en;
			hasScannedForEncodings = 0;
			knownRegions = (
				en,
				Base,
			);
			mainGroup = 6BEE15DB29CF2AB900D18659;
			productRefGroup = 6BEE15E529CF2AB900D18659 /* Products */;
			projectDirPath = "";
			projectRoot = "";
			targets = (
				6BEE15E329CF2AB900D18659 /* WalmartTest */,
				6BEE15F929CF2ABB00D18659 /* WalmartTestTests */,
				6BEE160329CF2ABC00D18659 /* WalmartTestUITests */,
			);
		};
/* End PBXProject section */

/* Begin PBXResourcesBuildPhase section */
		6BEE15E229CF2AB900D18659 /* Resources */ = {
			isa = PBXResourcesBuildPhase;
			buildActionMask = 2147483647;
			files = (
				6BEE15F429CF2ABB00D18659 /* LaunchScreen.storyboard in Resources */,
				6BEE15F129CF2ABB00D18659 /* Assets.xcassets in Resources */,
				6BEE15EF29CF2AB900D18659 /* Main.storyboard in Resources */,
			);
			runOnlyForDeploymentPostprocessing = 0;
		};
		6BEE15F829CF2ABB00D18659 /* Resources */ = {
			isa = PBXResourcesBuildPhase;
			buildActionMask = 2147483647;
			files = (
			);
			runOnlyForDeploymentPostprocessing = 0;
		};
		6BEE160229CF2ABC00D18659 /* Resources */ = {
			isa = PBXResourcesBuildPhase;
			buildActionMask = 2147483647;
			files = (
			);
			runOnlyForDeploymentPostprocessing = 0;
		};
/* End PBXResourcesBuildPhase section */

/* Begin PBXSourcesBuildPhase section */
		6BEE15E029CF2AB900D18659 /* Sources */ = {
			isa = PBXSourcesBuildPhase;
			buildActionMask = 2147483647;
			files = (
				6BEE163429CF3CED00D18659 /* Reachability.swift in Sources */,
				6BEE162229CF330100D18659 /* PlanetaryService.swift in Sources */,
				6BEE15EC29CF2AB900D18659 /* ViewController.swift in Sources */,
				6BEE162B29CF33CD00D18659 /* PlanetaryUseCase.swift in Sources */,
				6BEE15E829CF2AB900D18659 /* AppDelegate.swift in Sources */,
				6BEE161C29CF326900D18659 /* ViewModel.swift in Sources */,
				6BEE162029CF32D400D18659 /* BaseService.swift in Sources */,
				6BEE161E29CF32C200D18659 /* APIClinet.swift in Sources */,
				6BEE163229CF340D00D18659 /* PlanetaryRepository.swift in Sources */,
				6BEE162929CF337B00D18659 /* PlanetaryDomainModel.swift in Sources */,
				6BEE162729CF335500D18659 /* LazyImageView.swift in Sources */,
				6BEE163029CF33FB00D18659 /* PlanetaryDataModel.swift in Sources */,
				6BEE15EA29CF2AB900D18659 /* SceneDelegate.swift in Sources */,
				6BEE162529CF332500D18659 /* LocalFileManager.swift in Sources */,
			);
			runOnlyForDeploymentPostprocessing = 0;
		};
		6BEE15F629CF2ABB00D18659 /* Sources */ = {
			isa = PBXSourcesBuildPhase;
			buildActionMask = 2147483647;
			files = (
				6BEE15FF29CF2ABB00D18659 /* WalmartTestTests.swift in Sources */,
			);
			runOnlyForDeploymentPostprocessing = 0;
		};
		6BEE160029CF2ABC00D18659 /* Sources */ = {
			isa = PBXSourcesBuildPhase;
			buildActionMask = 2147483647;
			files = (
				6BEE160929CF2ABC00D18659 /* WalmartTestUITests.swift in Sources */,
				6BEE160B29CF2ABC00D18659 /* WalmartTestUITestsLaunchTests.swift in Sources */,
			);
			runOnlyForDeploymentPostprocessing = 0;
		};
/* End PBXSourcesBuildPhase section */

/* Begin PBXTargetDependency section */
		6BEE15FC29CF2ABB00D18659 /* PBXTargetDependency */ = {
			isa = PBXTargetDependency;
			target = 6BEE15E329CF2AB900D18659 /* WalmartTest */;
			targetProxy = 6BEE15FB29CF2ABB00D18659 /* PBXContainerItemProxy */;
		};
		6BEE160629CF2ABC00D18659 /* PBXTargetDependency */ = {
			isa = PBXTargetDependency;
			target = 6BEE15E329CF2AB900D18659 /* WalmartTest */;
			targetProxy = 6BEE160529CF2ABC00D18659 /* PBXContainerItemProxy */;
		};
/* End PBXTargetDependency section */

/* Begin PBXVariantGroup section */
		6BEE15ED29CF2AB900D18659 /* Main.storyboard */ = {
			isa = PBXVariantGroup;
			children = (
				6BEE15EE29CF2AB900D18659 /* Base */,
			);
			name = Main.storyboard;
			sourceTree = "<group>";
		};
		6BEE15F229CF2ABB00D18659 /* LaunchScreen.storyboard */ = {
			isa = PBXVariantGroup;
			children = (
				6BEE15F329CF2ABB00D18659 /* Base */,
			);
			name = LaunchScreen.storyboard;
			sourceTree = "<group>";
		};
/* End PBXVariantGroup section */

/* Begin XCBuildConfiguration section */
		6BEE160C29CF2ABC00D18659 /* Debug */ = {
			isa = XCBuildConfiguration;
			buildSettings = {
				ALWAYS_SEARCH_USER_PATHS = NO;
				CLANG_ANALYZER_NONNULL = YES;
				CLANG_ANALYZER_NUMBER_OBJECT_CONVERSION = YES_AGGRESSIVE;
				CLANG_CXX_LANGUAGE_STANDARD = "gnu++20";
				CLANG_ENABLE_MODULES = YES;
				CLANG_ENABLE_OBJC_ARC = YES;
				CLANG_ENABLE_OBJC_WEAK = YES;
				CLANG_WARN_BLOCK_CAPTURE_AUTORELEASING = YES;
				CLANG_WARN_BOOL_CONVERSION = YES;
				CLANG_WARN_COMMA = YES;
				CLANG_WARN_CONSTANT_CONVERSION = YES;
				CLANG_WARN_DEPRECATED_OBJC_IMPLEMENTATIONS = YES;
				CLANG_WARN_DIRECT_OBJC_ISA_USAGE = YES_ERROR;
				CLANG_WARN_DOCUMENTATION_COMMENTS = YES;
				CLANG_WARN_EMPTY_BODY = YES;
				CLANG_WARN_ENUM_CONVERSION = YES;
				CLANG_WARN_INFINITE_RECURSION = YES;
				CLANG_WARN_INT_CONVERSION = YES;
				CLANG_WARN_NON_LITERAL_NULL_CONVERSION = YES;
				CLANG_WARN_OBJC_IMPLICIT_RETAIN_SELF = YES;
				CLANG_WARN_OBJC_LITERAL_CONVERSION = YES;
				CLANG_WARN_OBJC_ROOT_CLASS = YES_ERROR;
				CLANG_WARN_QUOTED_INCLUDE_IN_FRAMEWORK_HEADER = YES;
				CLANG_WARN_RANGE_LOOP_ANALYSIS = YES;
				CLANG_WARN_STRICT_PROTOTYPES = YES;
				CLANG_WARN_SUSPICIOUS_MOVE = YES;
				CLANG_WARN_UNGUARDED_AVAILABILITY = YES_AGGRESSIVE;
				CLANG_WARN_UNREACHABLE_CODE = YES;
				CLANG_WARN__DUPLICATE_METHOD_MATCH = YES;
				COPY_PHASE_STRIP = NO;
				DEBUG_INFORMATION_FORMAT = dwarf;
				ENABLE_STRICT_OBJC_MSGSEND = YES;
				ENABLE_TESTABILITY = YES;
				GCC_C_LANGUAGE_STANDARD = gnu11;
				GCC_DYNAMIC_NO_PIC = NO;
				GCC_NO_COMMON_BLOCKS = YES;
				GCC_OPTIMIZATION_LEVEL = 0;
				GCC_PREPROCESSOR_DEFINITIONS = (
					"DEBUG=1",
					"$(inherited)",
				);
				GCC_WARN_64_TO_32_BIT_CONVERSION = YES;
				GCC_WARN_ABOUT_RETURN_TYPE = YES_ERROR;
				GCC_WARN_UNDECLARED_SELECTOR = YES;
				GCC_WARN_UNINITIALIZED_AUTOS = YES_AGGRESSIVE;
				GCC_WARN_UNUSED_FUNCTION = YES;
				GCC_WARN_UNUSED_VARIABLE = YES;
				IPHONEOS_DEPLOYMENT_TARGET = 16.2;
				MTL_ENABLE_DEBUG_INFO = INCLUDE_SOURCE;
				MTL_FAST_MATH = YES;
				ONLY_ACTIVE_ARCH = YES;
				SDKROOT = iphoneos;
				SWIFT_ACTIVE_COMPILATION_CONDITIONS = DEBUG;
				SWIFT_OPTIMIZATION_LEVEL = "-Onone";
			};
			name = Debug;
		};
		6BEE160D29CF2ABC00D18659 /* Release */ = {
			isa = XCBuildConfiguration;
			buildSettings = {
				ALWAYS_SEARCH_USER_PATHS = NO;
				CLANG_ANALYZER_NONNULL = YES;
				CLANG_ANALYZER_NUMBER_OBJECT_CONVERSION = YES_AGGRESSIVE;
				CLANG_CXX_LANGUAGE_STANDARD = "gnu++20";
				CLANG_ENABLE_MODULES = YES;
				CLANG_ENABLE_OBJC_ARC = YES;
				CLANG_ENABLE_OBJC_WEAK = YES;
				CLANG_WARN_BLOCK_CAPTURE_AUTORELEASING = YES;
				CLANG_WARN_BOOL_CONVERSION = YES;
				CLANG_WARN_COMMA = YES;
				CLANG_WARN_CONSTANT_CONVERSION = YES;
				CLANG_WARN_DEPRECATED_OBJC_IMPLEMENTATIONS = YES;
				CLANG_WARN_DIRECT_OBJC_ISA_USAGE = YES_ERROR;
				CLANG_WARN_DOCUMENTATION_COMMENTS = YES;
				CLANG_WARN_EMPTY_BODY = YES;
				CLANG_WARN_ENUM_CONVERSION = YES;
				CLANG_WARN_INFINITE_RECURSION = YES;
				CLANG_WARN_INT_CONVERSION = YES;
				CLANG_WARN_NON_LITERAL_NULL_CONVERSION = YES;
				CLANG_WARN_OBJC_IMPLICIT_RETAIN_SELF = YES;
				CLANG_WARN_OBJC_LITERAL_CONVERSION = YES;
				CLANG_WARN_OBJC_ROOT_CLASS = YES_ERROR;
				CLANG_WARN_QUOTED_INCLUDE_IN_FRAMEWORK_HEADER = YES;
				CLANG_WARN_RANGE_LOOP_ANALYSIS = YES;
				CLANG_WARN_STRICT_PROTOTYPES = YES;
				CLANG_WARN_SUSPICIOUS_MOVE = YES;
				CLANG_WARN_UNGUARDED_AVAILABILITY = YES_AGGRESSIVE;
				CLANG_WARN_UNREACHABLE_CODE = YES;
				CLANG_WARN__DUPLICATE_METHOD_MATCH = YES;
				COPY_PHASE_STRIP = NO;
				DEBUG_INFORMATION_FORMAT = "dwarf-with-dsym";
				ENABLE_NS_ASSERTIONS = NO;
				ENABLE_STRICT_OBJC_MSGSEND = YES;
				GCC_C_LANGUAGE_STANDARD = gnu11;
				GCC_NO_COMMON_BLOCKS = YES;
				GCC_WARN_64_TO_32_BIT_CONVERSION = YES;
				GCC_WARN_ABOUT_RETURN_TYPE = YES_ERROR;
				GCC_WARN_UNDECLARED_SELECTOR = YES;
				GCC_WARN_UNINITIALIZED_AUTOS = YES_AGGRESSIVE;
				GCC_WARN_UNUSED_FUNCTION = YES;
				GCC_WARN_UNUSED_VARIABLE = YES;
				IPHONEOS_DEPLOYMENT_TARGET = 16.2;
				MTL_ENABLE_DEBUG_INFO = NO;
				MTL_FAST_MATH = YES;
				SDKROOT = iphoneos;
				SWIFT_COMPILATION_MODE = wholemodule;
				SWIFT_OPTIMIZATION_LEVEL = "-O";
				VALIDATE_PRODUCT = YES;
			};
			name = Release;
		};
		6BEE160F29CF2ABC00D18659 /* Debug */ = {
			isa = XCBuildConfiguration;
			buildSettings = {
				ASSETCATALOG_COMPILER_APPICON_NAME = AppIcon;
				ASSETCATALOG_COMPILER_GLOBAL_ACCENT_COLOR_NAME = AccentColor;
				CODE_SIGN_STYLE = Automatic;
				CURRENT_PROJECT_VERSION = 1;
				DEVELOPMENT_TEAM = 9XBT5G24DL;
				GENERATE_INFOPLIST_FILE = YES;
				INFOPLIST_FILE = WalmartTest/Info.plist;
				INFOPLIST_KEY_UIApplicationSupportsIndirectInputEvents = YES;
				INFOPLIST_KEY_UILaunchStoryboardName = LaunchScreen;
				INFOPLIST_KEY_UIMainStoryboardFile = Main;
				INFOPLIST_KEY_UISupportedInterfaceOrientations_iPad = "UIInterfaceOrientationPortrait UIInterfaceOrientationPortraitUpsideDown UIInterfaceOrientationLandscapeLeft UIInterfaceOrientationLandscapeRight";
				INFOPLIST_KEY_UISupportedInterfaceOrientations_iPhone = "UIInterfaceOrientationPortrait UIInterfaceOrientationLandscapeLeft UIInterfaceOrientationLandscapeRight";
				LD_RUNPATH_SEARCH_PATHS = (
					"$(inherited)",
					"@executable_path/Frameworks",
				);
				MARKETING_VERSION = 1.0;
				PRODUCT_BUNDLE_IDENTIFIER = Walmart.WalmartTest;
				PRODUCT_NAME = "$(TARGET_NAME)";
				SWIFT_EMIT_LOC_STRINGS = YES;
				SWIFT_VERSION = 5.0;
				TARGETED_DEVICE_FAMILY = "1,2";
			};
			name = Debug;
		};
		6BEE161029CF2ABC00D18659 /* Release */ = {
			isa = XCBuildConfiguration;
			buildSettings = {
				ASSETCATALOG_COMPILER_APPICON_NAME = AppIcon;
				ASSETCATALOG_COMPILER_GLOBAL_ACCENT_COLOR_NAME = AccentColor;
				CODE_SIGN_STYLE = Automatic;
				CURRENT_PROJECT_VERSION = 1;
				DEVELOPMENT_TEAM = 9XBT5G24DL;
				GENERATE_INFOPLIST_FILE = YES;
				INFOPLIST_FILE = WalmartTest/Info.plist;
				INFOPLIST_KEY_UIApplicationSupportsIndirectInputEvents = YES;
				INFOPLIST_KEY_UILaunchStoryboardName = LaunchScreen;
				INFOPLIST_KEY_UIMainStoryboardFile = Main;
				INFOPLIST_KEY_UISupportedInterfaceOrientations_iPad = "UIInterfaceOrientationPortrait UIInterfaceOrientationPortraitUpsideDown UIInterfaceOrientationLandscapeLeft UIInterfaceOrientationLandscapeRight";
				INFOPLIST_KEY_UISupportedInterfaceOrientations_iPhone = "UIInterfaceOrientationPortrait UIInterfaceOrientationLandscapeLeft UIInterfaceOrientationLandscapeRight";
				LD_RUNPATH_SEARCH_PATHS = (
					"$(inherited)",
					"@executable_path/Frameworks",
				);
				MARKETING_VERSION = 1.0;
				PRODUCT_BUNDLE_IDENTIFIER = Walmart.WalmartTest;
				PRODUCT_NAME = "$(TARGET_NAME)";
				SWIFT_EMIT_LOC_STRINGS = YES;
				SWIFT_VERSION = 5.0;
				TARGETED_DEVICE_FAMILY = "1,2";
			};
			name = Release;
		};
		6BEE161229CF2ABC00D18659 /* Debug */ = {
			isa = XCBuildConfiguration;
			buildSettings = {
				ALWAYS_EMBED_SWIFT_STANDARD_LIBRARIES = YES;
				BUNDLE_LOADER = "$(TEST_HOST)";
				CODE_SIGN_STYLE = Automatic;
				CURRENT_PROJECT_VERSION = 1;
				DEVELOPMENT_TEAM = 9XBT5G24DL;
				GENERATE_INFOPLIST_FILE = YES;
				IPHONEOS_DEPLOYMENT_TARGET = 16.2;
				MARKETING_VERSION = 1.0;
				PRODUCT_BUNDLE_IDENTIFIER = Walmart.WalmartTestTests;
				PRODUCT_NAME = "$(TARGET_NAME)";
				SWIFT_EMIT_LOC_STRINGS = NO;
				SWIFT_VERSION = 5.0;
				TARGETED_DEVICE_FAMILY = "1,2";
				TEST_HOST = "$(BUILT_PRODUCTS_DIR)/WalmartTest.app/$(BUNDLE_EXECUTABLE_FOLDER_PATH)/WalmartTest";
			};
			name = Debug;
		};
		6BEE161329CF2ABC00D18659 /* Release */ = {
			isa = XCBuildConfiguration;
			buildSettings = {
				ALWAYS_EMBED_SWIFT_STANDARD_LIBRARIES = YES;
				BUNDLE_LOADER = "$(TEST_HOST)";
				CODE_SIGN_STYLE = Automatic;
				CURRENT_PROJECT_VERSION = 1;
				DEVELOPMENT_TEAM = 9XBT5G24DL;
				GENERATE_INFOPLIST_FILE = YES;
				IPHONEOS_DEPLOYMENT_TARGET = 16.2;
				MARKETING_VERSION = 1.0;
				PRODUCT_BUNDLE_IDENTIFIER = Walmart.WalmartTestTests;
				PRODUCT_NAME = "$(TARGET_NAME)";
				SWIFT_EMIT_LOC_STRINGS = NO;
				SWIFT_VERSION = 5.0;
				TARGETED_DEVICE_FAMILY = "1,2";
				TEST_HOST = "$(BUILT_PRODUCTS_DIR)/WalmartTest.app/$(BUNDLE_EXECUTABLE_FOLDER_PATH)/WalmartTest";
			};
			name = Release;
		};
		6BEE161529CF2ABC00D18659 /* Debug */ = {
			isa = XCBuildConfiguration;
			buildSettings = {
				ALWAYS_EMBED_SWIFT_STANDARD_LIBRARIES = YES;
				CODE_SIGN_STYLE = Automatic;
				CURRENT_PROJECT_VERSION = 1;
				DEVELOPMENT_TEAM = 9XBT5G24DL;
				GENERATE_INFOPLIST_FILE = YES;
				MARKETING_VERSION = 1.0;
				PRODUCT_BUNDLE_IDENTIFIER = Walmart.WalmartTestUITests;
				PRODUCT_NAME = "$(TARGET_NAME)";
				SWIFT_EMIT_LOC_STRINGS = NO;
				SWIFT_VERSION = 5.0;
				TARGETED_DEVICE_FAMILY = "1,2";
				TEST_TARGET_NAME = WalmartTest;
			};
			name = Debug;
		};
		6BEE161629CF2ABC00D18659 /* Release */ = {
			isa = XCBuildConfiguration;
			buildSettings = {
				ALWAYS_EMBED_SWIFT_STANDARD_LIBRARIES = YES;
				CODE_SIGN_STYLE = Automatic;
				CURRENT_PROJECT_VERSION = 1;
				DEVELOPMENT_TEAM = 9XBT5G24DL;
				GENERATE_INFOPLIST_FILE = YES;
				MARKETING_VERSION = 1.0;
				PRODUCT_BUNDLE_IDENTIFIER = Walmart.WalmartTestUITests;
				PRODUCT_NAME = "$(TARGET_NAME)";
				SWIFT_EMIT_LOC_STRINGS = NO;
				SWIFT_VERSION = 5.0;
				TARGETED_DEVICE_FAMILY = "1,2";
				TEST_TARGET_NAME = WalmartTest;
			};
			name = Release;
		};
/* End XCBuildConfiguration section */

/* Begin XCConfigurationList section */
		6BEE15DF29CF2AB900D18659 /* Build configuration list for PBXProject "WalmartTest" */ = {
			isa = XCConfigurationList;
			buildConfigurations = (
				6BEE160C29CF2ABC00D18659 /* Debug */,
				6BEE160D29CF2ABC00D18659 /* Release */,
			);
			defaultConfigurationIsVisible = 0;
			defaultConfigurationName = Release;
		};
		6BEE160E29CF2ABC00D18659 /* Build configuration list for PBXNativeTarget "WalmartTest" */ = {
			isa = XCConfigurationList;
			buildConfigurations = (
				6BEE160F29CF2ABC00D18659 /* Debug */,
				6BEE161029CF2ABC00D18659 /* Release */,
			);
			defaultConfigurationIsVisible = 0;
			defaultConfigurationName = Release;
		};
		6BEE161129CF2ABC00D18659 /* Build configuration list for PBXNativeTarget "WalmartTestTests" */ = {
			isa = XCConfigurationList;
			buildConfigurations = (
				6BEE161229CF2ABC00D18659 /* Debug */,
				6BEE161329CF2ABC00D18659 /* Release */,
			);
			defaultConfigurationIsVisible = 0;
			defaultConfigurationName = Release;
		};
		6BEE161429CF2ABC00D18659 /* Build configuration list for PBXNativeTarget "WalmartTestUITests" */ = {
			isa = XCConfigurationList;
			buildConfigurations = (
				6BEE161529CF2ABC00D18659 /* Debug */,
				6BEE161629CF2ABC00D18659 /* Release */,
			);
			defaultConfigurationIsVisible = 0;
			defaultConfigurationName = Release;
		};
/* End XCConfigurationList section */
	};
	rootObject = 6BEE15DC29CF2AB900D18659 /* Project object */;
}
